// !$*UTF8*$!
{
	archiveVersion = 1;
	classes = {
	};
	objectVersion = 46;
	objects = {

/* Begin PBXBuildFile section */
		D15C0F601D197B2C00C5A128 /* AppDelegate.swift in Sources */ = {isa = PBXBuildFile; fileRef = D15C0F5F1D197B2C00C5A128 /* AppDelegate.swift */; };
		D15C0F621D197B2C00C5A128 /* ViewController.swift in Sources */ = {isa = PBXBuildFile; fileRef = D15C0F611D197B2C00C5A128 /* ViewController.swift */; };
		D15C0F641D197B2C00C5A128 /* Assets.xcassets in Resources */ = {isa = PBXBuildFile; fileRef = D15C0F631D197B2C00C5A128 /* Assets.xcassets */; };
		D15C0F671D197B2C00C5A128 /* Main.storyboard in Resources */ = {isa = PBXBuildFile; fileRef = D15C0F651D197B2C00C5A128 /* Main.storyboard */; };
/* End PBXBuildFile section */

/* Begin PBXFileReference section */
		D15C0F5C1D197B2C00C5A128 /* PullToAdd.app */ = {isa = PBXFileReference; explicitFileType = wrapper.application; includeInIndex = 0; path = PullToAdd.app; sourceTree = BUILT_PRODUCTS_DIR; };
		D15C0F5F1D197B2C00C5A128 /* AppDelegate.swift */ = {isa = PBXFileReference; lastKnownFileType = sourcecode.swift; path = AppDelegate.swift; sourceTree = "<group>"; };
		D15C0F611D197B2C00C5A128 /* ViewController.swift */ = {isa = PBXFileReference; lastKnownFileType = sourcecode.swift; path = ViewController.swift; sourceTree = "<group>"; };
		D15C0F631D197B2C00C5A128 /* Assets.xcassets */ = {isa = PBXFileReference; lastKnownFileType = folder.assetcatalog; path = Assets.xcassets; sourceTree = "<group>"; };
		D15C0F661D197B2C00C5A128 /* Base */ = {isa = PBXFileReference; lastKnownFileType = file.storyboard; name = Base; path = Base.lproj/Main.storyboard; sourceTree = "<group>"; };
		D15C0F681D197B2C00C5A128 /* Info.plist */ = {isa = PBXFileReference; lastKnownFileType = text.plist.xml; path = Info.plist; sourceTree = "<group>"; };
/* End PBXFileReference section */

/* Begin PBXFrameworksBuildPhase section */
		D15C0F591D197B2C00C5A128 /* Frameworks */ = {
			isa = PBXFrameworksBuildPhase;
			buildActionMask = 2147483647;
			files = (
			);
			runOnlyForDeploymentPostprocessing = 0;
		};
/* End PBXFrameworksBuildPhase section */

/* Begin PBXGroup section */
		D15C0F531D197B2C00C5A128 = {
			isa = PBXGroup;
			children = (
				D15C0F5E1D197B2C00C5A128 /* PullToAdd */,
				D15C0F5D1D197B2C00C5A128 /* Products */,
			);
			sourceTree = "<group>";
		};
		D15C0F5D1D197B2C00C5A128 /* Products */ = {
			isa = PBXGroup;
			children = (
				D15C0F5C1D197B2C00C5A128 /* PullToAdd.app */,
			);
			name = Products;
			sourceTree = "<group>";
		};
		D15C0F5E1D197B2C00C5A128 /* PullToAdd */ = {
			isa = PBXGroup;
			children = (
				D15C0F5F1D197B2C00C5A128 /* AppDelegate.swift */,
				D15C0F611D197B2C00C5A128 /* ViewController.swift */,
				D15C0F631D197B2C00C5A128 /* Assets.xcassets */,
				D15C0F651D197B2C00C5A128 /* Main.storyboard */,
				D15C0F681D197B2C00C5A128 /* Info.plist */,
			);
			path = PullToAdd;
			sourceTree = "<group>";
		};
/* End PBXGroup section */

/* Begin PBXNativeTarget section */
		D15C0F5B1D197B2C00C5A128 /* PullToAdd */ = {
			isa = PBXNativeTarget;
			buildConfigurationList = D15C0F6B1D197B2C00C5A128 /* Build configuration list for PBXNativeTarget "PullToAdd" */;
			buildPhases = (
				D15C0F581D197B2C00C5A128 /* Sources */,
				D15C0F591D197B2C00C5A128 /* Frameworks */,
				D15C0F5A1D197B2C00C5A128 /* Resources */,
			);
			buildRules = (
			);
			dependencies = (
			);
			name = PullToAdd;
			productName = PullToAdd;
			productReference = D15C0F5C1D197B2C00C5A128 /* PullToAdd.app */;
			productType = "com.apple.product-type.application";
		};
/* End PBXNativeTarget section */

/* Begin PBXProject section */
		D15C0F541D197B2C00C5A128 /* Project object */ = {
			isa = PBXProject;
			attributes = {
				LastSwiftUpdateCheck = 0730;
				LastUpgradeCheck = 0730;
				ORGANIZATIONNAME = "STAY REAL LIMITED";
				TargetAttributes = {
					D15C0F5B1D197B2C00C5A128 = {
						CreatedOnToolsVersion = 7.3.1;
					};
				};
			};
			buildConfigurationList = D15C0F571D197B2C00C5A128 /* Build configuration list for PBXProject "PullToAdd" */;
			compatibilityVersion = "Xcode 3.2";
			developmentRegion = English;
			hasScannedForEncodings = 0;
			knownRegions = (
				en,
				Base,
			);
			mainGroup = D15C0F531D197B2C00C5A128;
			productRefGroup = D15C0F5D1D197B2C00C5A128 /* Products */;
			projectDirPath = "";
			projectRoot = "";
			targets = (
				D15C0F5B1D197B2C00C5A128 /* PullToAdd */,
			);
		};
/* End PBXProject section */

/* Begin PBXResourcesBuildPhase section */
		D15C0F5A1D197B2C00C5A128 /* Resources */ = {
			isa = PBXResourcesBuildPhase;
			buildActionMask = 2147483647;
			files = (
				D15C0F641D197B2C00C5A128 /* Assets.xcassets in Resources */,
				D15C0F671D197B2C00C5A128 /* Main.storyboard in Resources */,
			);
			runOnlyForDeploymentPostprocessing = 0;
		};
/* End PBXResourcesBuildPhase section */

/* Begin PBXSourcesBuildPhase section */
		D15C0F581D197B2C00C5A128 /* Sources */ = {
			isa = PBXSourcesBuildPhase;
			buildActionMask = 2147483647;
			files = (
				D15C0F621D197B2C00C5A128 /* ViewController.swift in Sources */,
				D15C0F601D197B2C00C5A128 /* AppDelegate.swift in Sources */,
			);
			runOnlyForDeploymentPostprocessing = 0;
		};
/* End PBXSourcesBuildPhase section */

/* Begin PBXVariantGroup section */
		D15C0F651D197B2C00C5A128 /* Main.storyboard */ = {
			isa = PBXVariantGroup;
			children = (
				D15C0F661D197B2C00C5A128 /* Base */,
			);
			name = Main.storyboard;
			sourceTree = "<group>";
		};
/* End PBXVariantGroup section */

/* Begin XCBuildConfiguration section */
		D15C0F691D197B2C00C5A128 /* Debug */ = {
			isa = XCBuildConfiguration;
			buildSettings = {
				ALWAYS_SEARCH_USER_PATHS = NO;
				CLANG_ANALYZER_NONNULL = YES;
				CLANG_CXX_LANGUAGE_STANDARD = "gnu++0x";
				CLANG_CXX_LIBRARY = "libc++";
				CLANG_ENABLE_MODULES = YES;
				CLANG_ENABLE_OBJC_ARC = YES;
				CLANG_WARN_BOOL_CONVERSION = YES;
				CLANG_WARN_CONSTANT_CONVERSION = YES;
				CLANG_WARN_DIRECT_OBJC_ISA_USAGE = YES_ERROR;
				CLANG_WARN_EMPTY_BODY = YES;
				CLANG_WARN_ENUM_CONVERSION = YES;
				CLANG_WARN_INT_CONVERSION = YES;
				CLANG_WARN_OBJC_ROOT_CLASS = YES_ERROR;
				CLANG_WARN_UNREACHABLE_CODE = YES;
				CLANG_WARN__DUPLICATE_METHOD_MATCH = YES;
				CODE_SIGN_IDENTITY = "-";
				COPY_PHASE_STRIP = NO;
				DEBUG_INFORMATION_FORMAT = dwarf;
				ENABLE_STRICT_OBJC_MSGSEND = YES;
				ENABLE_TESTABILITY = YES;
				GCC_C_LANGUAGE_STANDARD = gnu99;
				GCC_DYNAMIC_NO_PIC = NO;
				GCC_NO_COMMON_BLOCKS = YES;
				GCC_OPTIMIZATION_LEVEL = 0;
				GCC_PREPROCESSOR_DEFINITIONS = (
					"DEBUG=1",
					"$(inherited)",
				);
				GCC_WARN_64_TO_32_BIT_CONVERSION = YES;
				GCC_WARN_ABOUT_RETURN_TYPE = YES_ERROR;
				GCC_WARN_UNDECLARED_SELECTOR = YES;
				GCC_WARN_UNINITIALIZED_AUTOS = YES_AGGRESSIVE;
				GCC_WARN_UNUSED_FUNCTION = YES;
				GCC_WARN_UNUSED_VARIABLE = YES;
				MACOSX_DEPLOYMENT_TARGET = 10.11;
				MTL_ENABLE_DEBUG_INFO = YES;
				ONLY_ACTIVE_ARCH = YES;
				SDKROOT = macosx;
				SWIFT_OPTIMIZATION_LEVEL = "-Onone";
			};
			name = Debug;
		};
		D15C0F6A1D197B2C00C5A128 /* Release */ = {
			isa = XCBuildConfiguration;
			buildSettings = {
				ALWAYS_SEARCH_USER_PATHS = NO;
				CLANG_ANALYZER_NONNULL = YES;
				CLANG_CXX_LANGUAGE_STANDARD = "gnu++0x";
				CLANG_CXX_LIBRARY = "libc++";
				CLANG_ENABLE_MODULES = YES;
				CLANG_ENABLE_OBJC_ARC = YES;
				CLANG_WARN_BOOL_CONVERSION = YES;
				CLANG_WARN_CONSTANT_CONVERSION = YES;
				CLANG_WARN_DIRECT_OBJC_ISA_USAGE = YES_ERROR;
				CLANG_WARN_EMPTY_BODY = YES;
				CLANG_WARN_ENUM_CONVERSION = YES;
				CLANG_WARN_INT_CONVERSION = YES;
				CLANG_WARN_OBJC_ROOT_CLASS = YES_ERROR;
				CLANG_WARN_UNREACHABLE_CODE = YES;
				CLANG_WARN__DUPLICATE_METHOD_MATCH = YES;
				CODE_SIGN_IDENTITY = "-";
				COPY_PHASE_STRIP = NO;
				DEBUG_INFORMATION_FORMAT = "dwarf-with-dsym";
				ENABLE_NS_ASSERTIONS = NO;
				ENABLE_STRICT_OBJC_MSGSEND = YES;
				GCC_C_LANGUAGE_STANDARD = gnu99;
				GCC_NO_COMMON_BLOCKS = YES;
				GCC_WARN_64_TO_32_BIT_CONVERSION = YES;
				GCC_WARN_ABOUT_RETURN_TYPE = YES_ERROR;
				GCC_WARN_UNDECLARED_SELECTOR = YES;
				GCC_WARN_UNINITIALIZED_AUTOS = YES_AGGRESSIVE;
				GCC_WARN_UNUSED_FUNCTION = YES;
				GCC_WARN_UNUSED_VARIABLE = YES;
				MACOSX_DEPLOYMENT_TARGET = 10.11;
				MTL_ENABLE_DEBUG_INFO = NO;
				SDKROOT = macosx;
			};
			name = Release;
		};
		D15C0F6C1D197B2C00C5A128 /* Debug */ = {
			isa = XCBuildConfiguration;
			buildSettings = {
				ASSETCATALOG_COMPILER_APPICON_NAME = AppIcon;
				COMBINE_HIDPI_IMAGES = YES;
				INFOPLIST_FILE = PullToAdd/Info.plist;
				LD_RUNPATH_SEARCH_PATHS = "$(inherited) @executable_path/../Frameworks";
				PRODUCT_BUNDLE_IDENTIFIER = com.stayrealhk.PullToAdd;
				PRODUCT_NAME = "$(TARGET_NAME)";
			};
			name = Debug;
		};
		D15C0F6D1D197B2C00C5A128 /* Release */ = {
			isa = XCBuildConfiguration;
			buildSettings = {
				ASSETCATALOG_COMPILER_APPICON_NAME = AppIcon;
				COMBINE_HIDPI_IMAGES = YES;
				INFOPLIST_FILE = PullToAdd/Info.plist;
				LD_RUNPATH_SEARCH_PATHS = "$(inherited) @executable_path/../Frameworks";
				PRODUCT_BUNDLE_IDENTIFIER = com.stayrealhk.PullToAdd;
				PRODUCT_NAME = "$(TARGET_NAME)";
			};
			name = Release;
		};
/* End XCBuildConfiguration section */

/* Begin XCConfigurationList section */
		D15C0F571D197B2C00C5A128 /* Build configuration list for PBXProject "PullToAdd" */ = {
			isa = XCConfigurationList;
			buildConfigurations = (
				D15C0F691D197B2C00C5A128 /* Debug */,
				D15C0F6A1D197B2C00C5A128 /* Release */,
			);
			defaultConfigurationIsVisible = 0;
			defaultConfigurationName = Release;
		};
		D15C0F6B1D197B2C00C5A128 /* Build configuration list for PBXNativeTarget "PullToAdd" */ = {
			isa = XCConfigurationList;
			buildConfigurations = (
				D15C0F6C1D197B2C00C5A128 /* Debug */,
				D15C0F6D1D197B2C00C5A128 /* Release */,
			);
			defaultConfigurationIsVisible = 0;
		};
/* End XCConfigurationList section */
	};
	rootObject = D15C0F541D197B2C00C5A128 /* Project object */;
}
